
Microsoft Visual Studio Solution File, Format Version 12.00
# Visual Studio Version 16
VisualStudioVersion = 16.0.29709.97
MinimumVisualStudioVersion = 10.0.40219.1
Project("{FAE04EC0-301F-11D3-BF4B-00C04F79EFBC}") = "YeetEmulator.Tests", "YeetEmulator.Tests\YeetEmulator.Tests.csproj", "{7C68F403-9EE0-4B45-9FD1-D3D6B87ABB92}"
EndProject
Project("{FAE04EC0-301F-11D3-BF4B-00C04F79EFBC}") = "YeetEmulator", "YeetEmulator\YeetEmulator.csproj", "{120CF0CA-ADFF-46B1-8976-82231CF223F5}"
EndProject
Global
	GlobalSection(SolutionConfigurationPlatforms) = preSolution
		Debug|Any CPU = Debug|Any CPU
		Release|Any CPU = Release|Any CPU
	EndGlobalSection
	GlobalSection(ProjectConfigurationPlatforms) = postSolution
		{7C68F403-9EE0-4B45-9FD1-D3D6B87ABB92}.Debug|Any CPU.ActiveCfg = Debug|Any CPU
		{7C68F403-9EE0-4B45-9FD1-D3D6B87ABB92}.Debug|Any CPU.Build.0 = Debug|Any CPU
		{7C68F403-9EE0-4B45-9FD1-D3D6B87ABB92}.Release|Any CPU.ActiveCfg = Release|Any CPU
		{7C68F403-9EE0-4B45-9FD1-D3D6B87ABB92}.Release|Any CPU.Build.0 = Release|Any CPU
		{120CF0CA-ADFF-46B1-8976-82231CF223F5}.Debug|Any CPU.ActiveCfg = Debug|Any CPU
		{120CF0CA-ADFF-46B1-8976-82231CF223F5}.Debug|Any CPU.Build.0 = Debug|Any CPU
		{120CF0CA-ADFF-46B1-8976-82231CF223F5}.Release|Any CPU.ActiveCfg = Release|Any CPU
		{120CF0CA-ADFF-46B1-8976-82231CF223F5}.Release|Any CPU.Build.0 = Release|Any CPU
	EndGlobalSection
	GlobalSection(SolutionProperties) = preSolution
		HideSolutionNode = FALSE
	EndGlobalSection
	GlobalSection(ExtensibilityGlobals) = postSolution
		SolutionGuid = {105C7BD9-D24A-4926-9EB5-6AB2E4576777}
	EndGlobalSection
EndGlobal
